// !$*UTF8*$!
{
	archiveVersion = 1;
	classes = {
	};
	objectVersion = 46;
	objects = {

/* Begin PBXBuildFile section */
		67DF4A8E1BE12DB1007F0438 /* main.m in Sources */ = {isa = PBXBuildFile; fileRef = 67DF4A8D1BE12DB1007F0438 /* main.m */; };
		67DF4A911BE12DB1007F0438 /* AppDelegate.m in Sources */ = {isa = PBXBuildFile; fileRef = 67DF4A901BE12DB1007F0438 /* AppDelegate.m */; };
		67DF4A941BE12DB1007F0438 /* ViewController.m in Sources */ = {isa = PBXBuildFile; fileRef = 67DF4A931BE12DB1007F0438 /* ViewController.m */; };
		67DF4A971BE12DB1007F0438 /* Main.storyboard in Resources */ = {isa = PBXBuildFile; fileRef = 67DF4A951BE12DB1007F0438 /* Main.storyboard */; };
		67DF4A991BE12DB1007F0438 /* Images.xcassets in Resources */ = {isa = PBXBuildFile; fileRef = 67DF4A981BE12DB1007F0438 /* Images.xcassets */; };
		67DF4A9C1BE12DB1007F0438 /* LaunchScreen.xib in Resources */ = {isa = PBXBuildFile; fileRef = 67DF4A9A1BE12DB1007F0438 /* LaunchScreen.xib */; };
		67DF4AA81BE12DB1007F0438 /* ______RuntimeTests.m in Sources */ = {isa = PBXBuildFile; fileRef = 67DF4AA71BE12DB1007F0438 /* ______RuntimeTests.m */; };
		67DF4AB31BE135B5007F0438 /* NSObject+Log.m in Sources */ = {isa = PBXBuildFile; fileRef = 67DF4AB21BE135B5007F0438 /* NSObject+Log.m */; };
		67DF4AB91BE13859007F0438 /* Status.m in Sources */ = {isa = PBXBuildFile; fileRef = 67DF4AB81BE13859007F0438 /* Status.m */; };
		67DF4ABC1BE13AC9007F0438 /* NSObject+Model.m in Sources */ = {isa = PBXBuildFile; fileRef = 67DF4ABB1BE13AC9007F0438 /* NSObject+Model.m */; };
/* End PBXBuildFile section */

/* Begin PBXContainerItemProxy section */
		67DF4AA21BE12DB1007F0438 /* PBXContainerItemProxy */ = {
			isa = PBXContainerItemProxy;
			containerPortal = 67DF4A801BE12DB1007F0438 /* Project object */;
			proxyType = 1;
			remoteGlobalIDString = 67DF4A871BE12DB1007F0438;
			remoteInfo = "让你快速上手Runtime";
		};
/* End PBXContainerItemProxy section */

/* Begin PBXFileReference section */
		67DF4A881BE12DB1007F0438 /* 让你快速上手Runtime.app */ = {isa = PBXFileReference; explicitFileType = wrapper.application; includeInIndex = 0; path = "让你快速上手Runtime.app"; sourceTree = BUILT_PRODUCTS_DIR; };
		67DF4A8C1BE12DB1007F0438 /* Info.plist */ = {isa = PBXFileReference; lastKnownFileType = text.plist.xml; path = Info.plist; sourceTree = "<group>"; };
		67DF4A8D1BE12DB1007F0438 /* main.m */ = {isa = PBXFileReference; lastKnownFileType = sourcecode.c.objc; path = main.m; sourceTree = "<group>"; };
		67DF4A8F1BE12DB1007F0438 /* AppDelegate.h */ = {isa = PBXFileReference; lastKnownFileType = sourcecode.c.h; path = AppDelegate.h; sourceTree = "<group>"; };
		67DF4A901BE12DB1007F0438 /* AppDelegate.m */ = {isa = PBXFileReference; lastKnownFileType = sourcecode.c.objc; path = AppDelegate.m; sourceTree = "<group>"; };
		67DF4A921BE12DB1007F0438 /* ViewController.h */ = {isa = PBXFileReference; lastKnownFileType = sourcecode.c.h; path = ViewController.h; sourceTree = "<group>"; };
		67DF4A931BE12DB1007F0438 /* ViewController.m */ = {isa = PBXFileReference; lastKnownFileType = sourcecode.c.objc; path = ViewController.m; sourceTree = "<group>"; };
		67DF4A961BE12DB1007F0438 /* Base */ = {isa = PBXFileReference; lastKnownFileType = file.storyboard; name = Base; path = Base.lproj/Main.storyboard; sourceTree = "<group>"; };
		67DF4A981BE12DB1007F0438 /* Images.xcassets */ = {isa = PBXFileReference; lastKnownFileType = folder.assetcatalog; path = Images.xcassets; sourceTree = "<group>"; };
		67DF4A9B1BE12DB1007F0438 /* Base */ = {isa = PBXFileReference; lastKnownFileType = file.xib; name = Base; path = Base.lproj/LaunchScreen.xib; sourceTree = "<group>"; };
		67DF4AA11BE12DB1007F0438 /* 让你快速上手RuntimeTests.xctest */ = {isa = PBXFileReference; explicitFileType = wrapper.cfbundle; includeInIndex = 0; path = "让你快速上手RuntimeTests.xctest"; sourceTree = BUILT_PRODUCTS_DIR; };
		67DF4AA61BE12DB1007F0438 /* Info.plist */ = {isa = PBXFileReference; lastKnownFileType = text.plist.xml; path = Info.plist; sourceTree = "<group>"; };
		67DF4AA71BE12DB1007F0438 /* ______RuntimeTests.m */ = {isa = PBXFileReference; lastKnownFileType = sourcecode.c.objc; path = "______RuntimeTests.m"; sourceTree = "<group>"; };
		67DF4AB11BE135B5007F0438 /* NSObject+Log.h */ = {isa = PBXFileReference; fileEncoding = 4; lastKnownFileType = sourcecode.c.h; path = "NSObject+Log.h"; sourceTree = "<group>"; };
		67DF4AB21BE135B5007F0438 /* NSObject+Log.m */ = {isa = PBXFileReference; fileEncoding = 4; lastKnownFileType = sourcecode.c.objc; path = "NSObject+Log.m"; sourceTree = "<group>"; };
		67DF4AB71BE13859007F0438 /* Status.h */ = {isa = PBXFileReference; fileEncoding = 4; lastKnownFileType = sourcecode.c.h; path = Status.h; sourceTree = "<group>"; };
		67DF4AB81BE13859007F0438 /* Status.m */ = {isa = PBXFileReference; fileEncoding = 4; lastKnownFileType = sourcecode.c.objc; path = Status.m; sourceTree = "<group>"; };
		67DF4ABA1BE13AC9007F0438 /* NSObject+Model.h */ = {isa = PBXFileReference; fileEncoding = 4; lastKnownFileType = sourcecode.c.h; path = "NSObject+Model.h"; sourceTree = "<group>"; };
		67DF4ABB1BE13AC9007F0438 /* NSObject+Model.m */ = {isa = PBXFileReference; fileEncoding = 4; lastKnownFileType = sourcecode.c.objc; path = "NSObject+Model.m"; sourceTree = "<group>"; };
/* End PBXFileReference section */

/* Begin PBXFrameworksBuildPhase section */
		67DF4A851BE12DB1007F0438 /* Frameworks */ = {
			isa = PBXFrameworksBuildPhase;
			buildActionMask = 2147483647;
			files = (
			);
			runOnlyForDeploymentPostprocessing = 0;
		};
		67DF4A9E1BE12DB1007F0438 /* Frameworks */ = {
			isa = PBXFrameworksBuildPhase;
			buildActionMask = 2147483647;
			files = (
			);
			runOnlyForDeploymentPostprocessing = 0;
		};
/* End PBXFrameworksBuildPhase section */

/* Begin PBXGroup section */
		67DF4A7F1BE12DB1007F0438 = {
			isa = PBXGroup;
			children = (
				67DF4A8A1BE12DB1007F0438 /* 让你快速上手Runtime */,
				67DF4AA41BE12DB1007F0438 /* 让你快速上手RuntimeTests */,
				67DF4A891BE12DB1007F0438 /* Products */,
			);
			sourceTree = "<group>";
		};
		67DF4A891BE12DB1007F0438 /* Products */ = {
			isa = PBXGroup;
			children = (
				67DF4A881BE12DB1007F0438 /* 让你快速上手Runtime.app */,
				67DF4AA11BE12DB1007F0438 /* 让你快速上手RuntimeTests.xctest */,
			);
			name = Products;
			sourceTree = "<group>";
		};
		67DF4A8A1BE12DB1007F0438 /* 让你快速上手Runtime */ = {
			isa = PBXGroup;
			children = (
				67DF4A8F1BE12DB1007F0438 /* AppDelegate.h */,
				67DF4A901BE12DB1007F0438 /* AppDelegate.m */,
				67DF4A921BE12DB1007F0438 /* ViewController.h */,
				67DF4A931BE12DB1007F0438 /* ViewController.m */,
				67DF4AB11BE135B5007F0438 /* NSObject+Log.h */,
				67DF4AB21BE135B5007F0438 /* NSObject+Log.m */,
				67DF4ABA1BE13AC9007F0438 /* NSObject+Model.h */,
				67DF4ABB1BE13AC9007F0438 /* NSObject+Model.m */,
				67DF4AB71BE13859007F0438 /* Status.h */,
				67DF4AB81BE13859007F0438 /* Status.m */,
				67DF4A951BE12DB1007F0438 /* Main.storyboard */,
				67DF4A981BE12DB1007F0438 /* Images.xcassets */,
				67DF4A9A1BE12DB1007F0438 /* LaunchScreen.xib */,
				67DF4A8B1BE12DB1007F0438 /* Supporting Files */,
			);
			path = "让你快速上手Runtime";
			sourceTree = "<group>";
		};
		67DF4A8B1BE12DB1007F0438 /* Supporting Files */ = {
			isa = PBXGroup;
			children = (
				67DF4A8C1BE12DB1007F0438 /* Info.plist */,
				67DF4A8D1BE12DB1007F0438 /* main.m */,
			);
			name = "Supporting Files";
			sourceTree = "<group>";
		};
		67DF4AA41BE12DB1007F0438 /* 让你快速上手RuntimeTests */ = {
			isa = PBXGroup;
			children = (
				67DF4AA71BE12DB1007F0438 /* ______RuntimeTests.m */,
				67DF4AA51BE12DB1007F0438 /* Supporting Files */,
			);
			path = "让你快速上手RuntimeTests";
			sourceTree = "<group>";
		};
		67DF4AA51BE12DB1007F0438 /* Supporting Files */ = {
			isa = PBXGroup;
			children = (
				67DF4AA61BE12DB1007F0438 /* Info.plist */,
			);
			name = "Supporting Files";
			sourceTree = "<group>";
		};
/* End PBXGroup section */

/* Begin PBXNativeTarget section */
		67DF4A871BE12DB1007F0438 /* 让你快速上手Runtime */ = {
			isa = PBXNativeTarget;
			buildConfigurationList = 67DF4AAB1BE12DB1007F0438 /* Build configuration list for PBXNativeTarget "让你快速上手Runtime" */;
			buildPhases = (
				67DF4A841BE12DB1007F0438 /* Sources */,
				67DF4A851BE12DB1007F0438 /* Frameworks */,
				67DF4A861BE12DB1007F0438 /* Resources */,
			);
			buildRules = (
			);
			dependencies = (
			);
			name = "让你快速上手Runtime";
			productName = "让你快速上手Runtime";
			productReference = 67DF4A881BE12DB1007F0438 /* 让你快速上手Runtime.app */;
			productType = "com.apple.product-type.application";
		};
		67DF4AA01BE12DB1007F0438 /* 让你快速上手RuntimeTests */ = {
			isa = PBXNativeTarget;
			buildConfigurationList = 67DF4AAE1BE12DB1007F0438 /* Build configuration list for PBXNativeTarget "让你快速上手RuntimeTests" */;
			buildPhases = (
				67DF4A9D1BE12DB1007F0438 /* Sources */,
				67DF4A9E1BE12DB1007F0438 /* Frameworks */,
				67DF4A9F1BE12DB1007F0438 /* Resources */,
			);
			buildRules = (
			);
			dependencies = (
				67DF4AA31BE12DB1007F0438 /* PBXTargetDependency */,
			);
			name = "让你快速上手RuntimeTests";
			productName = "让你快速上手RuntimeTests";
			productReference = 67DF4AA11BE12DB1007F0438 /* 让你快速上手RuntimeTests.xctest */;
			productType = "com.apple.product-type.bundle.unit-test";
		};
/* End PBXNativeTarget section */

/* Begin PBXProject section */
		67DF4A801BE12DB1007F0438 /* Project object */ = {
			isa = PBXProject;
			attributes = {
				LastUpgradeCheck = 0640;
				ORGANIZATIONNAME = huangaengoln;
				TargetAttributes = {
					67DF4A871BE12DB1007F0438 = {
						CreatedOnToolsVersion = 6.4;
					};
					67DF4AA01BE12DB1007F0438 = {
						CreatedOnToolsVersion = 6.4;
						TestTargetID = 67DF4A871BE12DB1007F0438;
					};
				};
			};
			buildConfigurationList = 67DF4A831BE12DB1007F0438 /* Build configuration list for PBXProject "让你快速上手Runtime" */;
			compatibilityVersion = "Xcode 3.2";
			developmentRegion = English;
			hasScannedForEncodings = 0;
			knownRegions = (
				en,
				Base,
			);
			mainGroup = 67DF4A7F1BE12DB1007F0438;
			productRefGroup = 67DF4A891BE12DB1007F0438 /* Products */;
			projectDirPath = "";
			projectRoot = "";
			targets = (
				67DF4A871BE12DB1007F0438 /* 让你快速上手Runtime */,
				67DF4AA01BE12DB1007F0438 /* 让你快速上手RuntimeTests */,
			);
		};
/* End PBXProject section */

/* Begin PBXResourcesBuildPhase section */
		67DF4A861BE12DB1007F0438 /* Resources */ = {
			isa = PBXResourcesBuildPhase;
			buildActionMask = 2147483647;
			files = (
				67DF4A971BE12DB1007F0438 /* Main.storyboard in Resources */,
				67DF4A9C1BE12DB1007F0438 /* LaunchScreen.xib in Resources */,
				67DF4A991BE12DB1007F0438 /* Images.xcassets in Resources */,
			);
			runOnlyForDeploymentPostprocessing = 0;
		};
		67DF4A9F1BE12DB1007F0438 /* Resources */ = {
			isa = PBXResourcesBuildPhase;
			buildActionMask = 2147483647;
			files = (
			);
			runOnlyForDeploymentPostprocessing = 0;
		};
/* End PBXResourcesBuildPhase section */

/* Begin PBXSourcesBuildPhase section */
		67DF4A841BE12DB1007F0438 /* Sources */ = {
			isa = PBXSourcesBuildPhase;
			buildActionMask = 2147483647;
			files = (
				67DF4A941BE12DB1007F0438 /* ViewController.m in Sources */,
				67DF4A911BE12DB1007F0438 /* AppDelegate.m in Sources */,
				67DF4AB31BE135B5007F0438 /* NSObject+Log.m in Sources */,
				67DF4ABC1BE13AC9007F0438 /* NSObject+Model.m in Sources */,
				67DF4AB91BE13859007F0438 /* Status.m in Sources */,
				67DF4A8E1BE12DB1007F0438 /* main.m in Sources */,
			);
			runOnlyForDeploymentPostprocessing = 0;
		};
		67DF4A9D1BE12DB1007F0438 /* Sources */ = {
			isa = PBXSourcesBuildPhase;
			buildActionMask = 2147483647;
			files = (
				67DF4AA81BE12DB1007F0438 /* ______RuntimeTests.m in Sources */,
			);
			runOnlyForDeploymentPostprocessing = 0;
		};
/* End PBXSourcesBuildPhase section */

/* Begin PBXTargetDependency section */
		67DF4AA31BE12DB1007F0438 /* PBXTargetDependency */ = {
			isa = PBXTargetDependency;
			target = 67DF4A871BE12DB1007F0438 /* 让你快速上手Runtime */;
			targetProxy = 67DF4AA21BE12DB1007F0438 /* PBXContainerItemProxy */;
		};
/* End PBXTargetDependency section */

/* Begin PBXVariantGroup section */
		67DF4A951BE12DB1007F0438 /* Main.storyboard */ = {
			isa = PBXVariantGroup;
			children = (
				67DF4A961BE12DB1007F0438 /* Base */,
			);
			name = Main.storyboard;
			sourceTree = "<group>";
		};
		67DF4A9A1BE12DB1007F0438 /* LaunchScreen.xib */ = {
			isa = PBXVariantGroup;
			children = (
				67DF4A9B1BE12DB1007F0438 /* Base */,
			);
			name = LaunchScreen.xib;
			sourceTree = "<group>";
		};
/* End PBXVariantGroup section */

/* Begin XCBuildConfiguration section */
		67DF4AA91BE12DB1007F0438 /* Debug */ = {
			isa = XCBuildConfiguration;
			buildSettings = {
				ALWAYS_SEARCH_USER_PATHS = NO;
				CLANG_CXX_LANGUAGE_STANDARD = "gnu++0x";
				CLANG_CXX_LIBRARY = "libc++";
				CLANG_ENABLE_MODULES = YES;
				CLANG_ENABLE_OBJC_ARC = YES;
				CLANG_WARN_BOOL_CONVERSION = YES;
				CLANG_WARN_CONSTANT_CONVERSION = YES;
				CLANG_WARN_DIRECT_OBJC_ISA_USAGE = YES_ERROR;
				CLANG_WARN_EMPTY_BODY = YES;
				CLANG_WARN_ENUM_CONVERSION = YES;
				CLANG_WARN_INT_CONVERSION = YES;
				CLANG_WARN_OBJC_ROOT_CLASS = YES_ERROR;
				CLANG_WARN_UNREACHABLE_CODE = YES;
				CLANG_WARN__DUPLICATE_METHOD_MATCH = YES;
				"CODE_SIGN_IDENTITY[sdk=iphoneos*]" = "iPhone Developer";
				COPY_PHASE_STRIP = NO;
				DEBUG_INFORMATION_FORMAT = "dwarf-with-dsym";
				ENABLE_STRICT_OBJC_MSGSEND = YES;
				GCC_C_LANGUAGE_STANDARD = gnu99;
				GCC_DYNAMIC_NO_PIC = NO;
				GCC_NO_COMMON_BLOCKS = YES;
				GCC_OPTIMIZATION_LEVEL = 0;
				GCC_PREPROCESSOR_DEFINITIONS = (
					"DEBUG=1",
					"$(inherited)",
				);
				GCC_SYMBOLS_PRIVATE_EXTERN = NO;
				GCC_WARN_64_TO_32_BIT_CONVERSION = YES;
				GCC_WARN_ABOUT_RETURN_TYPE = YES_ERROR;
				GCC_WARN_UNDECLARED_SELECTOR = YES;
				GCC_WARN_UNINITIALIZED_AUTOS = YES_AGGRESSIVE;
				GCC_WARN_UNUSED_FUNCTION = YES;
				GCC_WARN_UNUSED_VARIABLE = YES;
				IPHONEOS_DEPLOYMENT_TARGET = 8.4;
				MTL_ENABLE_DEBUG_INFO = YES;
				ONLY_ACTIVE_ARCH = YES;
				SDKROOT = iphoneos;
				TARGETED_DEVICE_FAMILY = "1,2";
			};
			name = Debug;
		};
		67DF4AAA1BE12DB1007F0438 /* Release */ = {
			isa = XCBuildConfiguration;
			buildSettings = {
				ALWAYS_SEARCH_USER_PATHS = NO;
				CLANG_CXX_LANGUAGE_STANDARD = "gnu++0x";
				CLANG_CXX_LIBRARY = "libc++";
				CLANG_ENABLE_MODULES = YES;
				CLANG_ENABLE_OBJC_ARC = YES;
				CLANG_WARN_BOOL_CONVERSION = YES;
				CLANG_WARN_CONSTANT_CONVERSION = YES;
				CLANG_WARN_DIRECT_OBJC_ISA_USAGE = YES_ERROR;
				CLANG_WARN_EMPTY_BODY = YES;
				CLANG_WARN_ENUM_CONVERSION = YES;
				CLANG_WARN_INT_CONVERSION = YES;
				CLANG_WARN_OBJC_ROOT_CLASS = YES_ERROR;
				CLANG_WARN_UNREACHABLE_CODE = YES;
				CLANG_WARN__DUPLICATE_METHOD_MATCH = YES;
				"CODE_SIGN_IDENTITY[sdk=iphoneos*]" = "iPhone Developer";
				COPY_PHASE_STRIP = NO;
				DEBUG_INFORMATION_FORMAT = "dwarf-with-dsym";
				ENABLE_NS_ASSERTIONS = NO;
				ENABLE_STRICT_OBJC_MSGSEND = YES;
				GCC_C_LANGUAGE_STANDARD = gnu99;
				GCC_NO_COMMON_BLOCKS = YES;
				GCC_WARN_64_TO_32_BIT_CONVERSION = YES;
				GCC_WARN_ABOUT_RETURN_TYPE = YES_ERROR;
				GCC_WARN_UNDECLARED_SELECTOR = YES;
				GCC_WARN_UNINITIALIZED_AUTOS = YES_AGGRESSIVE;
				GCC_WARN_UNUSED_FUNCTION = YES;
				GCC_WARN_UNUSED_VARIABLE = YES;
				IPHONEOS_DEPLOYMENT_TARGET = 8.4;
				MTL_ENABLE_DEBUG_INFO = NO;
				SDKROOT = iphoneos;
				TARGETED_DEVICE_FAMILY = "1,2";
				VALIDATE_PRODUCT = YES;
			};
			name = Release;
		};
		67DF4AAC1BE12DB1007F0438 /* Debug */ = {
			isa = XCBuildConfiguration;
			buildSettings = {
				ASSETCATALOG_COMPILER_APPICON_NAME = AppIcon;
				INFOPLIST_FILE = "让你快速上手Runtime/Info.plist";
				LD_RUNPATH_SEARCH_PATHS = "$(inherited) @executable_path/Frameworks";
				PRODUCT_NAME = "$(TARGET_NAME)";
			};
			name = Debug;
		};
		67DF4AAD1BE12DB1007F0438 /* Release */ = {
			isa = XCBuildConfiguration;
			buildSettings = {
				ASSETCATALOG_COMPILER_APPICON_NAME = AppIcon;
				INFOPLIST_FILE = "让你快速上手Runtime/Info.plist";
				LD_RUNPATH_SEARCH_PATHS = "$(inherited) @executable_path/Frameworks";
				PRODUCT_NAME = "$(TARGET_NAME)";
			};
			name = Release;
		};
		67DF4AAF1BE12DB1007F0438 /* Debug */ = {
			isa = XCBuildConfiguration;
			buildSettings = {
				BUNDLE_LOADER = "$(TEST_HOST)";
				FRAMEWORK_SEARCH_PATHS = (
					"$(SDKROOT)/Developer/Library/Frameworks",
					"$(inherited)",
				);
				GCC_PREPROCESSOR_DEFINITIONS = (
					"DEBUG=1",
					"$(inherited)",
				);
				INFOPLIST_FILE = "让你快速上手RuntimeTests/Info.plist";
				LD_RUNPATH_SEARCH_PATHS = "$(inherited) @executable_path/Frameworks @loader_path/Frameworks";
				PRODUCT_NAME = "$(TARGET_NAME)";
				TEST_HOST = "$(BUILT_PRODUCTS_DIR)/让你快速上手Runtime.app/让你快速上手Runtime";
			};
			name = Debug;
		};
		67DF4AB01BE12DB1007F0438 /* Release */ = {
			isa = XCBuildConfiguration;
			buildSettings = {
				BUNDLE_LOADER = "$(TEST_HOST)";
				FRAMEWORK_SEARCH_PATHS = (
					"$(SDKROOT)/Developer/Library/Frameworks",
					"$(inherited)",
				);
				INFOPLIST_FILE = "让你快速上手RuntimeTests/Info.plist";
				LD_RUNPATH_SEARCH_PATHS = "$(inherited) @executable_path/Frameworks @loader_path/Frameworks";
				PRODUCT_NAME = "$(TARGET_NAME)";
				TEST_HOST = "$(BUILT_PRODUCTS_DIR)/让你快速上手Runtime.app/让你快速上手Runtime";
			};
			name = Release;
		};
/* End XCBuildConfiguration section */

/* Begin XCConfigurationList section */
		67DF4A831BE12DB1007F0438 /* Build configuration list for PBXProject "让你快速上手Runtime" */ = {
			isa = XCConfigurationList;
			buildConfigurations = (
				67DF4AA91BE12DB1007F0438 /* Debug */,
				67DF4AAA1BE12DB1007F0438 /* Release */,
			);
			defaultConfigurationIsVisible = 0;
			defaultConfigurationName = Release;
		};
		67DF4AAB1BE12DB1007F0438 /* Build configuration list for PBXNativeTarget "让你快速上手Runtime" */ = {
			isa = XCConfigurationList;
			buildConfigurations = (
				67DF4AAC1BE12DB1007F0438 /* Debug */,
				67DF4AAD1BE12DB1007F0438 /* Release */,
			);
			defaultConfigurationIsVisible = 0;
		};
		67DF4AAE1BE12DB1007F0438 /* Build configuration list for PBXNativeTarget "让你快速上手RuntimeTests" */ = {
			isa = XCConfigurationList;
			buildConfigurations = (
				67DF4AAF1BE12DB1007F0438 /* Debug */,
				67DF4AB01BE12DB1007F0438 /* Release */,
			);
			defaultConfigurationIsVisible = 0;
		};
/* End XCConfigurationList section */
	};
	rootObject = 67DF4A801BE12DB1007F0438 /* Project object */;
}
