// !$*UTF8*$!
{
	archiveVersion = 1;
	classes = {
	};
	objectVersion = 46;
	objects = {

/* Begin PBXBuildFile section */
		5AA17ED3C3E660106E2E2421 /* libPods.a in Frameworks */ = {isa = PBXBuildFile; fileRef = A4D76F4D4561CDAD0296F379 /* libPods.a */; };
		674B75161BED7E01003BDC04 /* main.m in Sources */ = {isa = PBXBuildFile; fileRef = 674B75151BED7E01003BDC04 /* main.m */; };
		674B75191BED7E01003BDC04 /* AppDelegate.m in Sources */ = {isa = PBXBuildFile; fileRef = 674B75181BED7E01003BDC04 /* AppDelegate.m */; };
		674B751C1BED7E01003BDC04 /* ViewController.m in Sources */ = {isa = PBXBuildFile; fileRef = 674B751B1BED7E01003BDC04 /* ViewController.m */; };
		674B751F1BED7E01003BDC04 /* Main.storyboard in Resources */ = {isa = PBXBuildFile; fileRef = 674B751D1BED7E01003BDC04 /* Main.storyboard */; };
		674B75211BED7E01003BDC04 /* Assets.xcassets in Resources */ = {isa = PBXBuildFile; fileRef = 674B75201BED7E01003BDC04 /* Assets.xcassets */; };
		674B75241BED7E01003BDC04 /* LaunchScreen.storyboard in Resources */ = {isa = PBXBuildFile; fileRef = 674B75221BED7E01003BDC04 /* LaunchScreen.storyboard */; };
/* End PBXBuildFile section */

/* Begin PBXFileReference section */
		674B75111BED7E01003BDC04 /* 测试CocoaPods.app */ = {isa = PBXFileReference; explicitFileType = wrapper.application; includeInIndex = 0; path = "测试CocoaPods.app"; sourceTree = BUILT_PRODUCTS_DIR; };
		674B75151BED7E01003BDC04 /* main.m */ = {isa = PBXFileReference; lastKnownFileType = sourcecode.c.objc; path = main.m; sourceTree = "<group>"; };
		674B75171BED7E01003BDC04 /* AppDelegate.h */ = {isa = PBXFileReference; lastKnownFileType = sourcecode.c.h; path = AppDelegate.h; sourceTree = "<group>"; };
		674B75181BED7E01003BDC04 /* AppDelegate.m */ = {isa = PBXFileReference; lastKnownFileType = sourcecode.c.objc; path = AppDelegate.m; sourceTree = "<group>"; };
		674B751A1BED7E01003BDC04 /* ViewController.h */ = {isa = PBXFileReference; lastKnownFileType = sourcecode.c.h; path = ViewController.h; sourceTree = "<group>"; };
		674B751B1BED7E01003BDC04 /* ViewController.m */ = {isa = PBXFileReference; lastKnownFileType = sourcecode.c.objc; path = ViewController.m; sourceTree = "<group>"; };
		674B751E1BED7E01003BDC04 /* Base */ = {isa = PBXFileReference; lastKnownFileType = file.storyboard; name = Base; path = Base.lproj/Main.storyboard; sourceTree = "<group>"; };
		674B75201BED7E01003BDC04 /* Assets.xcassets */ = {isa = PBXFileReference; lastKnownFileType = folder.assetcatalog; path = Assets.xcassets; sourceTree = "<group>"; };
		674B75231BED7E01003BDC04 /* Base */ = {isa = PBXFileReference; lastKnownFileType = file.storyboard; name = Base; path = Base.lproj/LaunchScreen.storyboard; sourceTree = "<group>"; };
		674B75251BED7E01003BDC04 /* Info.plist */ = {isa = PBXFileReference; lastKnownFileType = text.plist.xml; path = Info.plist; sourceTree = "<group>"; };
		999F1FAE00F8451D9104595E /* Pods.debug.xcconfig */ = {isa = PBXFileReference; includeInIndex = 1; lastKnownFileType = text.xcconfig; name = Pods.debug.xcconfig; path = "Pods/Target Support Files/Pods/Pods.debug.xcconfig"; sourceTree = "<group>"; };
		A4D76F4D4561CDAD0296F379 /* libPods.a */ = {isa = PBXFileReference; explicitFileType = archive.ar; includeInIndex = 0; path = libPods.a; sourceTree = BUILT_PRODUCTS_DIR; };
		D2B82A95A77412180888A8C0 /* Pods.release.xcconfig */ = {isa = PBXFileReference; includeInIndex = 1; lastKnownFileType = text.xcconfig; name = Pods.release.xcconfig; path = "Pods/Target Support Files/Pods/Pods.release.xcconfig"; sourceTree = "<group>"; };
/* End PBXFileReference section */

/* Begin PBXFrameworksBuildPhase section */
		674B750E1BED7E01003BDC04 /* Frameworks */ = {
			isa = PBXFrameworksBuildPhase;
			buildActionMask = 2147483647;
			files = (
				5AA17ED3C3E660106E2E2421 /* libPods.a in Frameworks */,
			);
			runOnlyForDeploymentPostprocessing = 0;
		};
/* End PBXFrameworksBuildPhase section */

/* Begin PBXGroup section */
		3A4F137E1FD1E04DC72DA6D2 /* Frameworks */ = {
			isa = PBXGroup;
			children = (
				A4D76F4D4561CDAD0296F379 /* libPods.a */,
			);
			name = Frameworks;
			sourceTree = "<group>";
		};
		62482AFF1B75BF593DAC9E05 /* Pods */ = {
			isa = PBXGroup;
			children = (
				999F1FAE00F8451D9104595E /* Pods.debug.xcconfig */,
				D2B82A95A77412180888A8C0 /* Pods.release.xcconfig */,
			);
			name = Pods;
			sourceTree = "<group>";
		};
		674B75081BED7E01003BDC04 = {
			isa = PBXGroup;
			children = (
				674B75131BED7E01003BDC04 /* 测试CocoaPods */,
				674B75121BED7E01003BDC04 /* Products */,
				62482AFF1B75BF593DAC9E05 /* Pods */,
				3A4F137E1FD1E04DC72DA6D2 /* Frameworks */,
			);
			sourceTree = "<group>";
		};
		674B75121BED7E01003BDC04 /* Products */ = {
			isa = PBXGroup;
			children = (
				674B75111BED7E01003BDC04 /* 测试CocoaPods.app */,
			);
			name = Products;
			sourceTree = "<group>";
		};
		674B75131BED7E01003BDC04 /* 测试CocoaPods */ = {
			isa = PBXGroup;
			children = (
				674B75171BED7E01003BDC04 /* AppDelegate.h */,
				674B75181BED7E01003BDC04 /* AppDelegate.m */,
				674B751A1BED7E01003BDC04 /* ViewController.h */,
				674B751B1BED7E01003BDC04 /* ViewController.m */,
				674B751D1BED7E01003BDC04 /* Main.storyboard */,
				674B75201BED7E01003BDC04 /* Assets.xcassets */,
				674B75221BED7E01003BDC04 /* LaunchScreen.storyboard */,
				674B75251BED7E01003BDC04 /* Info.plist */,
				674B75141BED7E01003BDC04 /* Supporting Files */,
			);
			path = "测试CocoaPods";
			sourceTree = "<group>";
		};
		674B75141BED7E01003BDC04 /* Supporting Files */ = {
			isa = PBXGroup;
			children = (
				674B75151BED7E01003BDC04 /* main.m */,
			);
			name = "Supporting Files";
			sourceTree = "<group>";
		};
/* End PBXGroup section */

/* Begin PBXNativeTarget section */
		674B75101BED7E01003BDC04 /* 测试CocoaPods */ = {
			isa = PBXNativeTarget;
			buildConfigurationList = 674B75281BED7E01003BDC04 /* Build configuration list for PBXNativeTarget "测试CocoaPods" */;
			buildPhases = (
				075D7A6AF16691D7E88F13A0 /* Check Pods Manifest.lock */,
				674B750D1BED7E01003BDC04 /* Sources */,
				674B750E1BED7E01003BDC04 /* Frameworks */,
				674B750F1BED7E01003BDC04 /* Resources */,
				4CD9BDDE5AEDD31E4DCC7550 /* Copy Pods Resources */,
			);
			buildRules = (
			);
			dependencies = (
			);
			name = "测试CocoaPods";
			productName = "测试CocoaPods";
			productReference = 674B75111BED7E01003BDC04 /* 测试CocoaPods.app */;
			productType = "com.apple.product-type.application";
		};
/* End PBXNativeTarget section */

/* Begin PBXProject section */
		674B75091BED7E01003BDC04 /* Project object */ = {
			isa = PBXProject;
			attributes = {
				LastUpgradeCheck = 0710;
				ORGANIZATIONNAME = huangaengoln;
				TargetAttributes = {
					674B75101BED7E01003BDC04 = {
						CreatedOnToolsVersion = 7.1;
					};
				};
			};
			buildConfigurationList = 674B750C1BED7E01003BDC04 /* Build configuration list for PBXProject "测试CocoaPods" */;
			compatibilityVersion = "Xcode 3.2";
			developmentRegion = English;
			hasScannedForEncodings = 0;
			knownRegions = (
				en,
				Base,
			);
			mainGroup = 674B75081BED7E01003BDC04;
			productRefGroup = 674B75121BED7E01003BDC04 /* Products */;
			projectDirPath = "";
			projectRoot = "";
			targets = (
				674B75101BED7E01003BDC04 /* 测试CocoaPods */,
			);
		};
/* End PBXProject section */

/* Begin PBXResourcesBuildPhase section */
		674B750F1BED7E01003BDC04 /* Resources */ = {
			isa = PBXResourcesBuildPhase;
			buildActionMask = 2147483647;
			files = (
				674B75241BED7E01003BDC04 /* LaunchScreen.storyboard in Resources */,
				674B75211BED7E01003BDC04 /* Assets.xcassets in Resources */,
				674B751F1BED7E01003BDC04 /* Main.storyboard in Resources */,
			);
			runOnlyForDeploymentPostprocessing = 0;
		};
/* End PBXResourcesBuildPhase section */

/* Begin PBXShellScriptBuildPhase section */
		075D7A6AF16691D7E88F13A0 /* Check Pods Manifest.lock */ = {
			isa = PBXShellScriptBuildPhase;
			buildActionMask = 2147483647;
			files = (
			);
			inputPaths = (
			);
			name = "Check Pods Manifest.lock";
			outputPaths = (
			);
			runOnlyForDeploymentPostprocessing = 0;
			shellPath = /bin/sh;
			shellScript = "diff \"${PODS_ROOT}/../Podfile.lock\" \"${PODS_ROOT}/Manifest.lock\" > /dev/null\nif [[ $? != 0 ]] ; then\n    cat << EOM\nerror: The sandbox is not in sync with the Podfile.lock. Run 'pod install' or update your CocoaPods installation.\nEOM\n    exit 1\nfi\n";
			showEnvVarsInLog = 0;
		};
		4CD9BDDE5AEDD31E4DCC7550 /* Copy Pods Resources */ = {
			isa = PBXShellScriptBuildPhase;
			buildActionMask = 2147483647;
			files = (
			);
			inputPaths = (
			);
			name = "Copy Pods Resources";
			outputPaths = (
			);
			runOnlyForDeploymentPostprocessing = 0;
			shellPath = /bin/sh;
			shellScript = "\"${SRCROOT}/Pods/Target Support Files/Pods/Pods-resources.sh\"\n";
			showEnvVarsInLog = 0;
		};
/* End PBXShellScriptBuildPhase section */

/* Begin PBXSourcesBuildPhase section */
		674B750D1BED7E01003BDC04 /* Sources */ = {
			isa = PBXSourcesBuildPhase;
			buildActionMask = 2147483647;
			files = (
				674B751C1BED7E01003BDC04 /* ViewController.m in Sources */,
				674B75191BED7E01003BDC04 /* AppDelegate.m in Sources */,
				674B75161BED7E01003BDC04 /* main.m in Sources */,
			);
			runOnlyForDeploymentPostprocessing = 0;
		};
/* End PBXSourcesBuildPhase section */

/* Begin PBXVariantGroup section */
		674B751D1BED7E01003BDC04 /* Main.storyboard */ = {
			isa = PBXVariantGroup;
			children = (
				674B751E1BED7E01003BDC04 /* Base */,
			);
			name = Main.storyboard;
			sourceTree = "<group>";
		};
		674B75221BED7E01003BDC04 /* LaunchScreen.storyboard */ = {
			isa = PBXVariantGroup;
			children = (
				674B75231BED7E01003BDC04 /* Base */,
			);
			name = LaunchScreen.storyboard;
			sourceTree = "<group>";
		};
/* End PBXVariantGroup section */

/* Begin XCBuildConfiguration section */
		674B75261BED7E01003BDC04 /* Debug */ = {
			isa = XCBuildConfiguration;
			buildSettings = {
				ALWAYS_SEARCH_USER_PATHS = NO;
				CLANG_CXX_LANGUAGE_STANDARD = "gnu++0x";
				CLANG_CXX_LIBRARY = "libc++";
				CLANG_ENABLE_MODULES = YES;
				CLANG_ENABLE_OBJC_ARC = YES;
				CLANG_WARN_BOOL_CONVERSION = YES;
				CLANG_WARN_CONSTANT_CONVERSION = YES;
				CLANG_WARN_DIRECT_OBJC_ISA_USAGE = YES_ERROR;
				CLANG_WARN_EMPTY_BODY = YES;
				CLANG_WARN_ENUM_CONVERSION = YES;
				CLANG_WARN_INT_CONVERSION = YES;
				CLANG_WARN_OBJC_ROOT_CLASS = YES_ERROR;
				CLANG_WARN_UNREACHABLE_CODE = YES;
				CLANG_WARN__DUPLICATE_METHOD_MATCH = YES;
				"CODE_SIGN_IDENTITY[sdk=iphoneos*]" = "iPhone Developer";
				COPY_PHASE_STRIP = NO;
				DEBUG_INFORMATION_FORMAT = dwarf;
				ENABLE_STRICT_OBJC_MSGSEND = YES;
				ENABLE_TESTABILITY = YES;
				GCC_C_LANGUAGE_STANDARD = gnu99;
				GCC_DYNAMIC_NO_PIC = NO;
				GCC_NO_COMMON_BLOCKS = YES;
				GCC_OPTIMIZATION_LEVEL = 0;
				GCC_PREPROCESSOR_DEFINITIONS = (
					"DEBUG=1",
					"$(inherited)",
				);
				GCC_WARN_64_TO_32_BIT_CONVERSION = YES;
				GCC_WARN_ABOUT_RETURN_TYPE = YES_ERROR;
				GCC_WARN_UNDECLARED_SELECTOR = YES;
				GCC_WARN_UNINITIALIZED_AUTOS = YES_AGGRESSIVE;
				GCC_WARN_UNUSED_FUNCTION = YES;
				GCC_WARN_UNUSED_VARIABLE = YES;
				IPHONEOS_DEPLOYMENT_TARGET = 9.1;
				MTL_ENABLE_DEBUG_INFO = YES;
				ONLY_ACTIVE_ARCH = YES;
				SDKROOT = iphoneos;
				TARGETED_DEVICE_FAMILY = "1,2";
			};
			name = Debug;
		};
		674B75271BED7E01003BDC04 /* Release */ = {
			isa = XCBuildConfiguration;
			buildSettings = {
				ALWAYS_SEARCH_USER_PATHS = NO;
				CLANG_CXX_LANGUAGE_STANDARD = "gnu++0x";
				CLANG_CXX_LIBRARY = "libc++";
				CLANG_ENABLE_MODULES = YES;
				CLANG_ENABLE_OBJC_ARC = YES;
				CLANG_WARN_BOOL_CONVERSION = YES;
				CLANG_WARN_CONSTANT_CONVERSION = YES;
				CLANG_WARN_DIRECT_OBJC_ISA_USAGE = YES_ERROR;
				CLANG_WARN_EMPTY_BODY = YES;
				CLANG_WARN_ENUM_CONVERSION = YES;
				CLANG_WARN_INT_CONVERSION = YES;
				CLANG_WARN_OBJC_ROOT_CLASS = YES_ERROR;
				CLANG_WARN_UNREACHABLE_CODE = YES;
				CLANG_WARN__DUPLICATE_METHOD_MATCH = YES;
				"CODE_SIGN_IDENTITY[sdk=iphoneos*]" = "iPhone Developer";
				COPY_PHASE_STRIP = NO;
				DEBUG_INFORMATION_FORMAT = "dwarf-with-dsym";
				ENABLE_NS_ASSERTIONS = NO;
				ENABLE_STRICT_OBJC_MSGSEND = YES;
				GCC_C_LANGUAGE_STANDARD = gnu99;
				GCC_NO_COMMON_BLOCKS = YES;
				GCC_WARN_64_TO_32_BIT_CONVERSION = YES;
				GCC_WARN_ABOUT_RETURN_TYPE = YES_ERROR;
				GCC_WARN_UNDECLARED_SELECTOR = YES;
				GCC_WARN_UNINITIALIZED_AUTOS = YES_AGGRESSIVE;
				GCC_WARN_UNUSED_FUNCTION = YES;
				GCC_WARN_UNUSED_VARIABLE = YES;
				IPHONEOS_DEPLOYMENT_TARGET = 9.1;
				MTL_ENABLE_DEBUG_INFO = NO;
				SDKROOT = iphoneos;
				TARGETED_DEVICE_FAMILY = "1,2";
				VALIDATE_PRODUCT = YES;
			};
			name = Release;
		};
		674B75291BED7E01003BDC04 /* Debug */ = {
			isa = XCBuildConfiguration;
			baseConfigurationReference = 999F1FAE00F8451D9104595E /* Pods.debug.xcconfig */;
			buildSettings = {
				ASSETCATALOG_COMPILER_APPICON_NAME = AppIcon;
				INFOPLIST_FILE = "测试CocoaPods/Info.plist";
				IPHONEOS_DEPLOYMENT_TARGET = 8.4;
				LD_RUNPATH_SEARCH_PATHS = "$(inherited) @executable_path/Frameworks";
				PRODUCT_BUNDLE_IDENTIFIER = "com.thinkive.invest.--CocoaPods";
				PRODUCT_NAME = "$(TARGET_NAME)";
			};
			name = Debug;
		};
		674B752A1BED7E01003BDC04 /* Release */ = {
			isa = XCBuildConfiguration;
			baseConfigurationReference = D2B82A95A77412180888A8C0 /* Pods.release.xcconfig */;
			buildSettings = {
				ASSETCATALOG_COMPILER_APPICON_NAME = AppIcon;
				INFOPLIST_FILE = "测试CocoaPods/Info.plist";
				IPHONEOS_DEPLOYMENT_TARGET = 8.4;
				LD_RUNPATH_SEARCH_PATHS = "$(inherited) @executable_path/Frameworks";
				PRODUCT_BUNDLE_IDENTIFIER = "com.thinkive.invest.--CocoaPods";
				PRODUCT_NAME = "$(TARGET_NAME)";
			};
			name = Release;
		};
/* End XCBuildConfiguration section */

/* Begin XCConfigurationList section */
		674B750C1BED7E01003BDC04 /* Build configuration list for PBXProject "测试CocoaPods" */ = {
			isa = XCConfigurationList;
			buildConfigurations = (
				674B75261BED7E01003BDC04 /* Debug */,
				674B75271BED7E01003BDC04 /* Release */,
			);
			defaultConfigurationIsVisible = 0;
			defaultConfigurationName = Release;
		};
		674B75281BED7E01003BDC04 /* Build configuration list for PBXNativeTarget "测试CocoaPods" */ = {
			isa = XCConfigurationList;
			buildConfigurations = (
				674B75291BED7E01003BDC04 /* Debug */,
				674B752A1BED7E01003BDC04 /* Release */,
			);
			defaultConfigurationIsVisible = 0;
			defaultConfigurationName = Release;
		};
/* End XCConfigurationList section */
	};
	rootObject = 674B75091BED7E01003BDC04 /* Project object */;
}
