// !$*UTF8*$!
{
	archiveVersion = 1;
	classes = {
	};
	objectVersion = 46;
	objects = {

/* Begin PBXBuildFile section */
		67A6C2F61BEA3217003ABEAA /* main.m in Sources */ = {isa = PBXBuildFile; fileRef = 67A6C2F51BEA3217003ABEAA /* main.m */; };
		67A6C2F91BEA3217003ABEAA /* AppDelegate.m in Sources */ = {isa = PBXBuildFile; fileRef = 67A6C2F81BEA3217003ABEAA /* AppDelegate.m */; };
		67A6C2FC1BEA3217003ABEAA /* ViewController.m in Sources */ = {isa = PBXBuildFile; fileRef = 67A6C2FB1BEA3217003ABEAA /* ViewController.m */; };
		67A6C2FF1BEA3217003ABEAA /* Main.storyboard in Resources */ = {isa = PBXBuildFile; fileRef = 67A6C2FD1BEA3217003ABEAA /* Main.storyboard */; };
		67A6C3011BEA3217003ABEAA /* Assets.xcassets in Resources */ = {isa = PBXBuildFile; fileRef = 67A6C3001BEA3217003ABEAA /* Assets.xcassets */; };
		67A6C3041BEA3217003ABEAA /* LaunchScreen.storyboard in Resources */ = {isa = PBXBuildFile; fileRef = 67A6C3021BEA3217003ABEAA /* LaunchScreen.storyboard */; };
/* End PBXBuildFile section */

/* Begin PBXFileReference section */
		67A6C2F11BEA3217003ABEAA /* 发邮件).app */ = {isa = PBXFileReference; explicitFileType = wrapper.application; includeInIndex = 0; path = "发邮件).app"; sourceTree = BUILT_PRODUCTS_DIR; };
		67A6C2F51BEA3217003ABEAA /* main.m */ = {isa = PBXFileReference; lastKnownFileType = sourcecode.c.objc; path = main.m; sourceTree = "<group>"; };
		67A6C2F71BEA3217003ABEAA /* AppDelegate.h */ = {isa = PBXFileReference; lastKnownFileType = sourcecode.c.h; path = AppDelegate.h; sourceTree = "<group>"; };
		67A6C2F81BEA3217003ABEAA /* AppDelegate.m */ = {isa = PBXFileReference; lastKnownFileType = sourcecode.c.objc; path = AppDelegate.m; sourceTree = "<group>"; };
		67A6C2FA1BEA3217003ABEAA /* ViewController.h */ = {isa = PBXFileReference; lastKnownFileType = sourcecode.c.h; path = ViewController.h; sourceTree = "<group>"; };
		67A6C2FB1BEA3217003ABEAA /* ViewController.m */ = {isa = PBXFileReference; lastKnownFileType = sourcecode.c.objc; path = ViewController.m; sourceTree = "<group>"; };
		67A6C2FE1BEA3217003ABEAA /* Base */ = {isa = PBXFileReference; lastKnownFileType = file.storyboard; name = Base; path = Base.lproj/Main.storyboard; sourceTree = "<group>"; };
		67A6C3001BEA3217003ABEAA /* Assets.xcassets */ = {isa = PBXFileReference; lastKnownFileType = folder.assetcatalog; path = Assets.xcassets; sourceTree = "<group>"; };
		67A6C3031BEA3217003ABEAA /* Base */ = {isa = PBXFileReference; lastKnownFileType = file.storyboard; name = Base; path = Base.lproj/LaunchScreen.storyboard; sourceTree = "<group>"; };
		67A6C3051BEA3217003ABEAA /* Info.plist */ = {isa = PBXFileReference; lastKnownFileType = text.plist.xml; path = Info.plist; sourceTree = "<group>"; };
/* End PBXFileReference section */

/* Begin PBXFrameworksBuildPhase section */
		67A6C2EE1BEA3217003ABEAA /* Frameworks */ = {
			isa = PBXFrameworksBuildPhase;
			buildActionMask = 2147483647;
			files = (
			);
			runOnlyForDeploymentPostprocessing = 0;
		};
/* End PBXFrameworksBuildPhase section */

/* Begin PBXGroup section */
		67A6C2E81BEA3217003ABEAA = {
			isa = PBXGroup;
			children = (
				67A6C2F31BEA3217003ABEAA /* 发邮件) */,
				67A6C2F21BEA3217003ABEAA /* Products */,
			);
			sourceTree = "<group>";
		};
		67A6C2F21BEA3217003ABEAA /* Products */ = {
			isa = PBXGroup;
			children = (
				67A6C2F11BEA3217003ABEAA /* 发邮件).app */,
			);
			name = Products;
			sourceTree = "<group>";
		};
		67A6C2F31BEA3217003ABEAA /* 发邮件) */ = {
			isa = PBXGroup;
			children = (
				67A6C2F71BEA3217003ABEAA /* AppDelegate.h */,
				67A6C2F81BEA3217003ABEAA /* AppDelegate.m */,
				67A6C2FA1BEA3217003ABEAA /* ViewController.h */,
				67A6C2FB1BEA3217003ABEAA /* ViewController.m */,
				67A6C2FD1BEA3217003ABEAA /* Main.storyboard */,
				67A6C3001BEA3217003ABEAA /* Assets.xcassets */,
				67A6C3021BEA3217003ABEAA /* LaunchScreen.storyboard */,
				67A6C3051BEA3217003ABEAA /* Info.plist */,
				67A6C2F41BEA3217003ABEAA /* Supporting Files */,
			);
			path = "发邮件)";
			sourceTree = "<group>";
		};
		67A6C2F41BEA3217003ABEAA /* Supporting Files */ = {
			isa = PBXGroup;
			children = (
				67A6C2F51BEA3217003ABEAA /* main.m */,
			);
			name = "Supporting Files";
			sourceTree = "<group>";
		};
/* End PBXGroup section */

/* Begin PBXNativeTarget section */
		67A6C2F01BEA3217003ABEAA /* 发邮件) */ = {
			isa = PBXNativeTarget;
			buildConfigurationList = 67A6C3081BEA3217003ABEAA /* Build configuration list for PBXNativeTarget "发邮件)" */;
			buildPhases = (
				67A6C2ED1BEA3217003ABEAA /* Sources */,
				67A6C2EE1BEA3217003ABEAA /* Frameworks */,
				67A6C2EF1BEA3217003ABEAA /* Resources */,
			);
			buildRules = (
			);
			dependencies = (
			);
			name = "发邮件)";
			productName = "发邮件)";
			productReference = 67A6C2F11BEA3217003ABEAA /* 发邮件).app */;
			productType = "com.apple.product-type.application";
		};
/* End PBXNativeTarget section */

/* Begin PBXProject section */
		67A6C2E91BEA3217003ABEAA /* Project object */ = {
			isa = PBXProject;
			attributes = {
				LastUpgradeCheck = 0710;
				ORGANIZATIONNAME = huangaengoln;
				TargetAttributes = {
					67A6C2F01BEA3217003ABEAA = {
						CreatedOnToolsVersion = 7.1;
					};
				};
			};
			buildConfigurationList = 67A6C2EC1BEA3217003ABEAA /* Build configuration list for PBXProject "发邮件)" */;
			compatibilityVersion = "Xcode 3.2";
			developmentRegion = English;
			hasScannedForEncodings = 0;
			knownRegions = (
				en,
				Base,
			);
			mainGroup = 67A6C2E81BEA3217003ABEAA;
			productRefGroup = 67A6C2F21BEA3217003ABEAA /* Products */;
			projectDirPath = "";
			projectRoot = "";
			targets = (
				67A6C2F01BEA3217003ABEAA /* 发邮件) */,
			);
		};
/* End PBXProject section */

/* Begin PBXResourcesBuildPhase section */
		67A6C2EF1BEA3217003ABEAA /* Resources */ = {
			isa = PBXResourcesBuildPhase;
			buildActionMask = 2147483647;
			files = (
				67A6C3041BEA3217003ABEAA /* LaunchScreen.storyboard in Resources */,
				67A6C3011BEA3217003ABEAA /* Assets.xcassets in Resources */,
				67A6C2FF1BEA3217003ABEAA /* Main.storyboard in Resources */,
			);
			runOnlyForDeploymentPostprocessing = 0;
		};
/* End PBXResourcesBuildPhase section */

/* Begin PBXSourcesBuildPhase section */
		67A6C2ED1BEA3217003ABEAA /* Sources */ = {
			isa = PBXSourcesBuildPhase;
			buildActionMask = 2147483647;
			files = (
				67A6C2FC1BEA3217003ABEAA /* ViewController.m in Sources */,
				67A6C2F91BEA3217003ABEAA /* AppDelegate.m in Sources */,
				67A6C2F61BEA3217003ABEAA /* main.m in Sources */,
			);
			runOnlyForDeploymentPostprocessing = 0;
		};
/* End PBXSourcesBuildPhase section */

/* Begin PBXVariantGroup section */
		67A6C2FD1BEA3217003ABEAA /* Main.storyboard */ = {
			isa = PBXVariantGroup;
			children = (
				67A6C2FE1BEA3217003ABEAA /* Base */,
			);
			name = Main.storyboard;
			sourceTree = "<group>";
		};
		67A6C3021BEA3217003ABEAA /* LaunchScreen.storyboard */ = {
			isa = PBXVariantGroup;
			children = (
				67A6C3031BEA3217003ABEAA /* Base */,
			);
			name = LaunchScreen.storyboard;
			sourceTree = "<group>";
		};
/* End PBXVariantGroup section */

/* Begin XCBuildConfiguration section */
		67A6C3061BEA3217003ABEAA /* Debug */ = {
			isa = XCBuildConfiguration;
			buildSettings = {
				ALWAYS_SEARCH_USER_PATHS = NO;
				CLANG_CXX_LANGUAGE_STANDARD = "gnu++0x";
				CLANG_CXX_LIBRARY = "libc++";
				CLANG_ENABLE_MODULES = YES;
				CLANG_ENABLE_OBJC_ARC = YES;
				CLANG_WARN_BOOL_CONVERSION = YES;
				CLANG_WARN_CONSTANT_CONVERSION = YES;
				CLANG_WARN_DIRECT_OBJC_ISA_USAGE = YES_ERROR;
				CLANG_WARN_EMPTY_BODY = YES;
				CLANG_WARN_ENUM_CONVERSION = YES;
				CLANG_WARN_INT_CONVERSION = YES;
				CLANG_WARN_OBJC_ROOT_CLASS = YES_ERROR;
				CLANG_WARN_UNREACHABLE_CODE = YES;
				CLANG_WARN__DUPLICATE_METHOD_MATCH = YES;
				"CODE_SIGN_IDENTITY[sdk=iphoneos*]" = "iPhone Developer";
				COPY_PHASE_STRIP = NO;
				DEBUG_INFORMATION_FORMAT = dwarf;
				ENABLE_STRICT_OBJC_MSGSEND = YES;
				ENABLE_TESTABILITY = YES;
				GCC_C_LANGUAGE_STANDARD = gnu99;
				GCC_DYNAMIC_NO_PIC = NO;
				GCC_NO_COMMON_BLOCKS = YES;
				GCC_OPTIMIZATION_LEVEL = 0;
				GCC_PREPROCESSOR_DEFINITIONS = (
					"DEBUG=1",
					"$(inherited)",
				);
				GCC_WARN_64_TO_32_BIT_CONVERSION = YES;
				GCC_WARN_ABOUT_RETURN_TYPE = YES_ERROR;
				GCC_WARN_UNDECLARED_SELECTOR = YES;
				GCC_WARN_UNINITIALIZED_AUTOS = YES_AGGRESSIVE;
				GCC_WARN_UNUSED_FUNCTION = YES;
				GCC_WARN_UNUSED_VARIABLE = YES;
				IPHONEOS_DEPLOYMENT_TARGET = 9.1;
				MTL_ENABLE_DEBUG_INFO = YES;
				ONLY_ACTIVE_ARCH = YES;
				SDKROOT = iphoneos;
				TARGETED_DEVICE_FAMILY = "1,2";
			};
			name = Debug;
		};
		67A6C3071BEA3217003ABEAA /* Release */ = {
			isa = XCBuildConfiguration;
			buildSettings = {
				ALWAYS_SEARCH_USER_PATHS = NO;
				CLANG_CXX_LANGUAGE_STANDARD = "gnu++0x";
				CLANG_CXX_LIBRARY = "libc++";
				CLANG_ENABLE_MODULES = YES;
				CLANG_ENABLE_OBJC_ARC = YES;
				CLANG_WARN_BOOL_CONVERSION = YES;
				CLANG_WARN_CONSTANT_CONVERSION = YES;
				CLANG_WARN_DIRECT_OBJC_ISA_USAGE = YES_ERROR;
				CLANG_WARN_EMPTY_BODY = YES;
				CLANG_WARN_ENUM_CONVERSION = YES;
				CLANG_WARN_INT_CONVERSION = YES;
				CLANG_WARN_OBJC_ROOT_CLASS = YES_ERROR;
				CLANG_WARN_UNREACHABLE_CODE = YES;
				CLANG_WARN__DUPLICATE_METHOD_MATCH = YES;
				"CODE_SIGN_IDENTITY[sdk=iphoneos*]" = "iPhone Developer";
				COPY_PHASE_STRIP = NO;
				DEBUG_INFORMATION_FORMAT = "dwarf-with-dsym";
				ENABLE_NS_ASSERTIONS = NO;
				ENABLE_STRICT_OBJC_MSGSEND = YES;
				GCC_C_LANGUAGE_STANDARD = gnu99;
				GCC_NO_COMMON_BLOCKS = YES;
				GCC_WARN_64_TO_32_BIT_CONVERSION = YES;
				GCC_WARN_ABOUT_RETURN_TYPE = YES_ERROR;
				GCC_WARN_UNDECLARED_SELECTOR = YES;
				GCC_WARN_UNINITIALIZED_AUTOS = YES_AGGRESSIVE;
				GCC_WARN_UNUSED_FUNCTION = YES;
				GCC_WARN_UNUSED_VARIABLE = YES;
				IPHONEOS_DEPLOYMENT_TARGET = 9.1;
				MTL_ENABLE_DEBUG_INFO = NO;
				SDKROOT = iphoneos;
				TARGETED_DEVICE_FAMILY = "1,2";
				VALIDATE_PRODUCT = YES;
			};
			name = Release;
		};
		67A6C3091BEA3217003ABEAA /* Debug */ = {
			isa = XCBuildConfiguration;
			buildSettings = {
				ASSETCATALOG_COMPILER_APPICON_NAME = AppIcon;
				INFOPLIST_FILE = "发邮件)/Info.plist";
				LD_RUNPATH_SEARCH_PATHS = "$(inherited) @executable_path/Frameworks";
				PRODUCT_BUNDLE_IDENTIFIER = "com.thinkive.invest.----";
				PRODUCT_NAME = "$(TARGET_NAME)";
			};
			name = Debug;
		};
		67A6C30A1BEA3217003ABEAA /* Release */ = {
			isa = XCBuildConfiguration;
			buildSettings = {
				ASSETCATALOG_COMPILER_APPICON_NAME = AppIcon;
				INFOPLIST_FILE = "发邮件)/Info.plist";
				LD_RUNPATH_SEARCH_PATHS = "$(inherited) @executable_path/Frameworks";
				PRODUCT_BUNDLE_IDENTIFIER = "com.thinkive.invest.----";
				PRODUCT_NAME = "$(TARGET_NAME)";
			};
			name = Release;
		};
/* End XCBuildConfiguration section */

/* Begin XCConfigurationList section */
		67A6C2EC1BEA3217003ABEAA /* Build configuration list for PBXProject "发邮件)" */ = {
			isa = XCConfigurationList;
			buildConfigurations = (
				67A6C3061BEA3217003ABEAA /* Debug */,
				67A6C3071BEA3217003ABEAA /* Release */,
			);
			defaultConfigurationIsVisible = 0;
			defaultConfigurationName = Release;
		};
		67A6C3081BEA3217003ABEAA /* Build configuration list for PBXNativeTarget "发邮件)" */ = {
			isa = XCConfigurationList;
			buildConfigurations = (
				67A6C3091BEA3217003ABEAA /* Debug */,
				67A6C30A1BEA3217003ABEAA /* Release */,
			);
			defaultConfigurationIsVisible = 0;
		};
/* End XCConfigurationList section */
	};
	rootObject = 67A6C2E91BEA3217003ABEAA /* Project object */;
}
