// !$*UTF8*$!
{
	archiveVersion = 1;
	classes = {
	};
	objectVersion = 46;
	objects = {

/* Begin PBXBuildFile section */
		67B85F631CB53E660024B174 /* main.m in Sources */ = {isa = PBXBuildFile; fileRef = 67B85F621CB53E660024B174 /* main.m */; };
		67B85F661CB53E660024B174 /* AppDelegate.m in Sources */ = {isa = PBXBuildFile; fileRef = 67B85F651CB53E660024B174 /* AppDelegate.m */; };
		67B85F691CB53E660024B174 /* ViewController.m in Sources */ = {isa = PBXBuildFile; fileRef = 67B85F681CB53E660024B174 /* ViewController.m */; };
		67B85F6C1CB53E660024B174 /* Main.storyboard in Resources */ = {isa = PBXBuildFile; fileRef = 67B85F6A1CB53E660024B174 /* Main.storyboard */; };
		67B85F6F1CB53E660024B174 /* CoreDataDemo_16_04_06.xcdatamodeld in Sources */ = {isa = PBXBuildFile; fileRef = 67B85F6D1CB53E660024B174 /* CoreDataDemo_16_04_06.xcdatamodeld */; };
		67B85F711CB53E660024B174 /* Assets.xcassets in Resources */ = {isa = PBXBuildFile; fileRef = 67B85F701CB53E660024B174 /* Assets.xcassets */; };
		67B85F741CB53E660024B174 /* LaunchScreen.storyboard in Resources */ = {isa = PBXBuildFile; fileRef = 67B85F721CB53E660024B174 /* LaunchScreen.storyboard */; };
		67B85F7F1CB53E670024B174 /* CoreDataDemo_16_04_06Tests.m in Sources */ = {isa = PBXBuildFile; fileRef = 67B85F7E1CB53E670024B174 /* CoreDataDemo_16_04_06Tests.m */; };
		67B85F8B1CB540710024B174 /* Model.xcdatamodeld in Sources */ = {isa = PBXBuildFile; fileRef = 67B85F891CB540710024B174 /* Model.xcdatamodeld */; };
		67B85F8D1CB5426B0024B174 /* CoreData.framework in Frameworks */ = {isa = PBXBuildFile; fileRef = 67B85F8C1CB5426B0024B174 /* CoreData.framework */; };
/* End PBXBuildFile section */

/* Begin PBXContainerItemProxy section */
		67B85F7B1CB53E670024B174 /* PBXContainerItemProxy */ = {
			isa = PBXContainerItemProxy;
			containerPortal = 67B85F561CB53E660024B174 /* Project object */;
			proxyType = 1;
			remoteGlobalIDString = 67B85F5D1CB53E660024B174;
			remoteInfo = "CoreDataDemo-16-04-06";
		};
/* End PBXContainerItemProxy section */

/* Begin PBXFileReference section */
		67B85F5E1CB53E660024B174 /* CoreDataDemo-16-04-06.app */ = {isa = PBXFileReference; explicitFileType = wrapper.application; includeInIndex = 0; path = "CoreDataDemo-16-04-06.app"; sourceTree = BUILT_PRODUCTS_DIR; };
		67B85F621CB53E660024B174 /* main.m */ = {isa = PBXFileReference; lastKnownFileType = sourcecode.c.objc; path = main.m; sourceTree = "<group>"; };
		67B85F641CB53E660024B174 /* AppDelegate.h */ = {isa = PBXFileReference; lastKnownFileType = sourcecode.c.h; path = AppDelegate.h; sourceTree = "<group>"; };
		67B85F651CB53E660024B174 /* AppDelegate.m */ = {isa = PBXFileReference; lastKnownFileType = sourcecode.c.objc; path = AppDelegate.m; sourceTree = "<group>"; };
		67B85F671CB53E660024B174 /* ViewController.h */ = {isa = PBXFileReference; lastKnownFileType = sourcecode.c.h; path = ViewController.h; sourceTree = "<group>"; };
		67B85F681CB53E660024B174 /* ViewController.m */ = {isa = PBXFileReference; lastKnownFileType = sourcecode.c.objc; path = ViewController.m; sourceTree = "<group>"; };
		67B85F6B1CB53E660024B174 /* Base */ = {isa = PBXFileReference; lastKnownFileType = file.storyboard; name = Base; path = Base.lproj/Main.storyboard; sourceTree = "<group>"; };
		67B85F6E1CB53E660024B174 /* CoreDataDemo_16_04_06.xcdatamodel */ = {isa = PBXFileReference; lastKnownFileType = wrapper.xcdatamodel; path = CoreDataDemo_16_04_06.xcdatamodel; sourceTree = "<group>"; };
		67B85F701CB53E660024B174 /* Assets.xcassets */ = {isa = PBXFileReference; lastKnownFileType = folder.assetcatalog; path = Assets.xcassets; sourceTree = "<group>"; };
		67B85F731CB53E660024B174 /* Base */ = {isa = PBXFileReference; lastKnownFileType = file.storyboard; name = Base; path = Base.lproj/LaunchScreen.storyboard; sourceTree = "<group>"; };
		67B85F751CB53E660024B174 /* Info.plist */ = {isa = PBXFileReference; lastKnownFileType = text.plist.xml; path = Info.plist; sourceTree = "<group>"; };
		67B85F7A1CB53E670024B174 /* CoreDataDemo-16-04-06Tests.xctest */ = {isa = PBXFileReference; explicitFileType = wrapper.cfbundle; includeInIndex = 0; path = "CoreDataDemo-16-04-06Tests.xctest"; sourceTree = BUILT_PRODUCTS_DIR; };
		67B85F7E1CB53E670024B174 /* CoreDataDemo_16_04_06Tests.m */ = {isa = PBXFileReference; lastKnownFileType = sourcecode.c.objc; path = CoreDataDemo_16_04_06Tests.m; sourceTree = "<group>"; };
		67B85F801CB53E670024B174 /* Info.plist */ = {isa = PBXFileReference; lastKnownFileType = text.plist.xml; path = Info.plist; sourceTree = "<group>"; };
		67B85F8A1CB540710024B174 /* Model.xcdatamodel */ = {isa = PBXFileReference; lastKnownFileType = wrapper.xcdatamodel; path = Model.xcdatamodel; sourceTree = "<group>"; };
		67B85F8C1CB5426B0024B174 /* CoreData.framework */ = {isa = PBXFileReference; lastKnownFileType = wrapper.framework; name = CoreData.framework; path = System/Library/Frameworks/CoreData.framework; sourceTree = SDKROOT; };
/* End PBXFileReference section */

/* Begin PBXFrameworksBuildPhase section */
		67B85F5B1CB53E660024B174 /* Frameworks */ = {
			isa = PBXFrameworksBuildPhase;
			buildActionMask = 2147483647;
			files = (
				67B85F8D1CB5426B0024B174 /* CoreData.framework in Frameworks */,
			);
			runOnlyForDeploymentPostprocessing = 0;
		};
		67B85F771CB53E670024B174 /* Frameworks */ = {
			isa = PBXFrameworksBuildPhase;
			buildActionMask = 2147483647;
			files = (
			);
			runOnlyForDeploymentPostprocessing = 0;
		};
/* End PBXFrameworksBuildPhase section */

/* Begin PBXGroup section */
		67B85F551CB53E660024B174 = {
			isa = PBXGroup;
			children = (
				67B85F8C1CB5426B0024B174 /* CoreData.framework */,
				67B85F601CB53E660024B174 /* CoreDataDemo-16-04-06 */,
				67B85F7D1CB53E670024B174 /* CoreDataDemo-16-04-06Tests */,
				67B85F5F1CB53E660024B174 /* Products */,
			);
			sourceTree = "<group>";
		};
		67B85F5F1CB53E660024B174 /* Products */ = {
			isa = PBXGroup;
			children = (
				67B85F5E1CB53E660024B174 /* CoreDataDemo-16-04-06.app */,
				67B85F7A1CB53E670024B174 /* CoreDataDemo-16-04-06Tests.xctest */,
			);
			name = Products;
			sourceTree = "<group>";
		};
		67B85F601CB53E660024B174 /* CoreDataDemo-16-04-06 */ = {
			isa = PBXGroup;
			children = (
				67B85F641CB53E660024B174 /* AppDelegate.h */,
				67B85F651CB53E660024B174 /* AppDelegate.m */,
				67B85F671CB53E660024B174 /* ViewController.h */,
				67B85F681CB53E660024B174 /* ViewController.m */,
				67B85F6A1CB53E660024B174 /* Main.storyboard */,
				67B85F701CB53E660024B174 /* Assets.xcassets */,
				67B85F721CB53E660024B174 /* LaunchScreen.storyboard */,
				67B85F751CB53E660024B174 /* Info.plist */,
				67B85F6D1CB53E660024B174 /* CoreDataDemo_16_04_06.xcdatamodeld */,
				67B85F611CB53E660024B174 /* Supporting Files */,
				67B85F891CB540710024B174 /* Model.xcdatamodeld */,
			);
			path = "CoreDataDemo-16-04-06";
			sourceTree = "<group>";
		};
		67B85F611CB53E660024B174 /* Supporting Files */ = {
			isa = PBXGroup;
			children = (
				67B85F621CB53E660024B174 /* main.m */,
			);
			name = "Supporting Files";
			sourceTree = "<group>";
		};
		67B85F7D1CB53E670024B174 /* CoreDataDemo-16-04-06Tests */ = {
			isa = PBXGroup;
			children = (
				67B85F7E1CB53E670024B174 /* CoreDataDemo_16_04_06Tests.m */,
				67B85F801CB53E670024B174 /* Info.plist */,
			);
			path = "CoreDataDemo-16-04-06Tests";
			sourceTree = "<group>";
		};
/* End PBXGroup section */

/* Begin PBXNativeTarget section */
		67B85F5D1CB53E660024B174 /* CoreDataDemo-16-04-06 */ = {
			isa = PBXNativeTarget;
			buildConfigurationList = 67B85F831CB53E670024B174 /* Build configuration list for PBXNativeTarget "CoreDataDemo-16-04-06" */;
			buildPhases = (
				67B85F5A1CB53E660024B174 /* Sources */,
				67B85F5B1CB53E660024B174 /* Frameworks */,
				67B85F5C1CB53E660024B174 /* Resources */,
			);
			buildRules = (
			);
			dependencies = (
			);
			name = "CoreDataDemo-16-04-06";
			productName = "CoreDataDemo-16-04-06";
			productReference = 67B85F5E1CB53E660024B174 /* CoreDataDemo-16-04-06.app */;
			productType = "com.apple.product-type.application";
		};
		67B85F791CB53E670024B174 /* CoreDataDemo-16-04-06Tests */ = {
			isa = PBXNativeTarget;
			buildConfigurationList = 67B85F861CB53E670024B174 /* Build configuration list for PBXNativeTarget "CoreDataDemo-16-04-06Tests" */;
			buildPhases = (
				67B85F761CB53E670024B174 /* Sources */,
				67B85F771CB53E670024B174 /* Frameworks */,
				67B85F781CB53E670024B174 /* Resources */,
			);
			buildRules = (
			);
			dependencies = (
				67B85F7C1CB53E670024B174 /* PBXTargetDependency */,
			);
			name = "CoreDataDemo-16-04-06Tests";
			productName = "CoreDataDemo-16-04-06Tests";
			productReference = 67B85F7A1CB53E670024B174 /* CoreDataDemo-16-04-06Tests.xctest */;
			productType = "com.apple.product-type.bundle.unit-test";
		};
/* End PBXNativeTarget section */

/* Begin PBXProject section */
		67B85F561CB53E660024B174 /* Project object */ = {
			isa = PBXProject;
			attributes = {
				LastUpgradeCheck = 0730;
				ORGANIZATIONNAME = huangaengoln;
				TargetAttributes = {
					67B85F5D1CB53E660024B174 = {
						CreatedOnToolsVersion = 7.3;
					};
					67B85F791CB53E670024B174 = {
						CreatedOnToolsVersion = 7.3;
						TestTargetID = 67B85F5D1CB53E660024B174;
					};
				};
			};
			buildConfigurationList = 67B85F591CB53E660024B174 /* Build configuration list for PBXProject "CoreDataDemo-16-04-06" */;
			compatibilityVersion = "Xcode 3.2";
			developmentRegion = English;
			hasScannedForEncodings = 0;
			knownRegions = (
				en,
				Base,
			);
			mainGroup = 67B85F551CB53E660024B174;
			productRefGroup = 67B85F5F1CB53E660024B174 /* Products */;
			projectDirPath = "";
			projectRoot = "";
			targets = (
				67B85F5D1CB53E660024B174 /* CoreDataDemo-16-04-06 */,
				67B85F791CB53E670024B174 /* CoreDataDemo-16-04-06Tests */,
			);
		};
/* End PBXProject section */

/* Begin PBXResourcesBuildPhase section */
		67B85F5C1CB53E660024B174 /* Resources */ = {
			isa = PBXResourcesBuildPhase;
			buildActionMask = 2147483647;
			files = (
				67B85F741CB53E660024B174 /* LaunchScreen.storyboard in Resources */,
				67B85F711CB53E660024B174 /* Assets.xcassets in Resources */,
				67B85F6C1CB53E660024B174 /* Main.storyboard in Resources */,
			);
			runOnlyForDeploymentPostprocessing = 0;
		};
		67B85F781CB53E670024B174 /* Resources */ = {
			isa = PBXResourcesBuildPhase;
			buildActionMask = 2147483647;
			files = (
			);
			runOnlyForDeploymentPostprocessing = 0;
		};
/* End PBXResourcesBuildPhase section */

/* Begin PBXSourcesBuildPhase section */
		67B85F5A1CB53E660024B174 /* Sources */ = {
			isa = PBXSourcesBuildPhase;
			buildActionMask = 2147483647;
			files = (
				67B85F6F1CB53E660024B174 /* CoreDataDemo_16_04_06.xcdatamodeld in Sources */,
				67B85F691CB53E660024B174 /* ViewController.m in Sources */,
				67B85F8B1CB540710024B174 /* Model.xcdatamodeld in Sources */,
				67B85F661CB53E660024B174 /* AppDelegate.m in Sources */,
				67B85F631CB53E660024B174 /* main.m in Sources */,
			);
			runOnlyForDeploymentPostprocessing = 0;
		};
		67B85F761CB53E670024B174 /* Sources */ = {
			isa = PBXSourcesBuildPhase;
			buildActionMask = 2147483647;
			files = (
				67B85F7F1CB53E670024B174 /* CoreDataDemo_16_04_06Tests.m in Sources */,
			);
			runOnlyForDeploymentPostprocessing = 0;
		};
/* End PBXSourcesBuildPhase section */

/* Begin PBXTargetDependency section */
		67B85F7C1CB53E670024B174 /* PBXTargetDependency */ = {
			isa = PBXTargetDependency;
			target = 67B85F5D1CB53E660024B174 /* CoreDataDemo-16-04-06 */;
			targetProxy = 67B85F7B1CB53E670024B174 /* PBXContainerItemProxy */;
		};
/* End PBXTargetDependency section */

/* Begin PBXVariantGroup section */
		67B85F6A1CB53E660024B174 /* Main.storyboard */ = {
			isa = PBXVariantGroup;
			children = (
				67B85F6B1CB53E660024B174 /* Base */,
			);
			name = Main.storyboard;
			sourceTree = "<group>";
		};
		67B85F721CB53E660024B174 /* LaunchScreen.storyboard */ = {
			isa = PBXVariantGroup;
			children = (
				67B85F731CB53E660024B174 /* Base */,
			);
			name = LaunchScreen.storyboard;
			sourceTree = "<group>";
		};
/* End PBXVariantGroup section */

/* Begin XCBuildConfiguration section */
		67B85F811CB53E670024B174 /* Debug */ = {
			isa = XCBuildConfiguration;
			buildSettings = {
				ALWAYS_SEARCH_USER_PATHS = NO;
				CLANG_ANALYZER_NONNULL = YES;
				CLANG_CXX_LANGUAGE_STANDARD = "gnu++0x";
				CLANG_CXX_LIBRARY = "libc++";
				CLANG_ENABLE_MODULES = YES;
				CLANG_ENABLE_OBJC_ARC = YES;
				CLANG_WARN_BOOL_CONVERSION = YES;
				CLANG_WARN_CONSTANT_CONVERSION = YES;
				CLANG_WARN_DIRECT_OBJC_ISA_USAGE = YES_ERROR;
				CLANG_WARN_EMPTY_BODY = YES;
				CLANG_WARN_ENUM_CONVERSION = YES;
				CLANG_WARN_INT_CONVERSION = YES;
				CLANG_WARN_OBJC_ROOT_CLASS = YES_ERROR;
				CLANG_WARN_UNREACHABLE_CODE = YES;
				CLANG_WARN__DUPLICATE_METHOD_MATCH = YES;
				"CODE_SIGN_IDENTITY[sdk=iphoneos*]" = "iPhone Developer";
				COPY_PHASE_STRIP = NO;
				DEBUG_INFORMATION_FORMAT = dwarf;
				ENABLE_STRICT_OBJC_MSGSEND = YES;
				ENABLE_TESTABILITY = YES;
				GCC_C_LANGUAGE_STANDARD = gnu99;
				GCC_DYNAMIC_NO_PIC = NO;
				GCC_NO_COMMON_BLOCKS = YES;
				GCC_OPTIMIZATION_LEVEL = 0;
				GCC_PREPROCESSOR_DEFINITIONS = (
					"DEBUG=1",
					"$(inherited)",
				);
				GCC_WARN_64_TO_32_BIT_CONVERSION = YES;
				GCC_WARN_ABOUT_RETURN_TYPE = YES_ERROR;
				GCC_WARN_UNDECLARED_SELECTOR = YES;
				GCC_WARN_UNINITIALIZED_AUTOS = YES_AGGRESSIVE;
				GCC_WARN_UNUSED_FUNCTION = YES;
				GCC_WARN_UNUSED_VARIABLE = YES;
				IPHONEOS_DEPLOYMENT_TARGET = 9.3;
				MTL_ENABLE_DEBUG_INFO = YES;
				ONLY_ACTIVE_ARCH = YES;
				SDKROOT = iphoneos;
				TARGETED_DEVICE_FAMILY = "1,2";
			};
			name = Debug;
		};
		67B85F821CB53E670024B174 /* Release */ = {
			isa = XCBuildConfiguration;
			buildSettings = {
				ALWAYS_SEARCH_USER_PATHS = NO;
				CLANG_ANALYZER_NONNULL = YES;
				CLANG_CXX_LANGUAGE_STANDARD = "gnu++0x";
				CLANG_CXX_LIBRARY = "libc++";
				CLANG_ENABLE_MODULES = YES;
				CLANG_ENABLE_OBJC_ARC = YES;
				CLANG_WARN_BOOL_CONVERSION = YES;
				CLANG_WARN_CONSTANT_CONVERSION = YES;
				CLANG_WARN_DIRECT_OBJC_ISA_USAGE = YES_ERROR;
				CLANG_WARN_EMPTY_BODY = YES;
				CLANG_WARN_ENUM_CONVERSION = YES;
				CLANG_WARN_INT_CONVERSION = YES;
				CLANG_WARN_OBJC_ROOT_CLASS = YES_ERROR;
				CLANG_WARN_UNREACHABLE_CODE = YES;
				CLANG_WARN__DUPLICATE_METHOD_MATCH = YES;
				"CODE_SIGN_IDENTITY[sdk=iphoneos*]" = "iPhone Developer";
				COPY_PHASE_STRIP = NO;
				DEBUG_INFORMATION_FORMAT = "dwarf-with-dsym";
				ENABLE_NS_ASSERTIONS = NO;
				ENABLE_STRICT_OBJC_MSGSEND = YES;
				GCC_C_LANGUAGE_STANDARD = gnu99;
				GCC_NO_COMMON_BLOCKS = YES;
				GCC_WARN_64_TO_32_BIT_CONVERSION = YES;
				GCC_WARN_ABOUT_RETURN_TYPE = YES_ERROR;
				GCC_WARN_UNDECLARED_SELECTOR = YES;
				GCC_WARN_UNINITIALIZED_AUTOS = YES_AGGRESSIVE;
				GCC_WARN_UNUSED_FUNCTION = YES;
				GCC_WARN_UNUSED_VARIABLE = YES;
				IPHONEOS_DEPLOYMENT_TARGET = 9.3;
				MTL_ENABLE_DEBUG_INFO = NO;
				SDKROOT = iphoneos;
				TARGETED_DEVICE_FAMILY = "1,2";
				VALIDATE_PRODUCT = YES;
			};
			name = Release;
		};
		67B85F841CB53E670024B174 /* Debug */ = {
			isa = XCBuildConfiguration;
			buildSettings = {
				ASSETCATALOG_COMPILER_APPICON_NAME = AppIcon;
				INFOPLIST_FILE = "CoreDataDemo-16-04-06/Info.plist";
				LD_RUNPATH_SEARCH_PATHS = "$(inherited) @executable_path/Frameworks";
				PRODUCT_BUNDLE_IDENTIFIER = "com.thinkive.invest.CoreDataDemo-16-04-06";
				PRODUCT_NAME = "$(TARGET_NAME)";
			};
			name = Debug;
		};
		67B85F851CB53E670024B174 /* Release */ = {
			isa = XCBuildConfiguration;
			buildSettings = {
				ASSETCATALOG_COMPILER_APPICON_NAME = AppIcon;
				INFOPLIST_FILE = "CoreDataDemo-16-04-06/Info.plist";
				LD_RUNPATH_SEARCH_PATHS = "$(inherited) @executable_path/Frameworks";
				PRODUCT_BUNDLE_IDENTIFIER = "com.thinkive.invest.CoreDataDemo-16-04-06";
				PRODUCT_NAME = "$(TARGET_NAME)";
			};
			name = Release;
		};
		67B85F871CB53E670024B174 /* Debug */ = {
			isa = XCBuildConfiguration;
			buildSettings = {
				BUNDLE_LOADER = "$(TEST_HOST)";
				INFOPLIST_FILE = "CoreDataDemo-16-04-06Tests/Info.plist";
				LD_RUNPATH_SEARCH_PATHS = "$(inherited) @executable_path/Frameworks @loader_path/Frameworks";
				PRODUCT_BUNDLE_IDENTIFIER = "com.thinkive.invest.CoreDataDemo-16-04-06Tests";
				PRODUCT_NAME = "$(TARGET_NAME)";
				TEST_HOST = "$(BUILT_PRODUCTS_DIR)/CoreDataDemo-16-04-06.app/CoreDataDemo-16-04-06";
			};
			name = Debug;
		};
		67B85F881CB53E670024B174 /* Release */ = {
			isa = XCBuildConfiguration;
			buildSettings = {
				BUNDLE_LOADER = "$(TEST_HOST)";
				INFOPLIST_FILE = "CoreDataDemo-16-04-06Tests/Info.plist";
				LD_RUNPATH_SEARCH_PATHS = "$(inherited) @executable_path/Frameworks @loader_path/Frameworks";
				PRODUCT_BUNDLE_IDENTIFIER = "com.thinkive.invest.CoreDataDemo-16-04-06Tests";
				PRODUCT_NAME = "$(TARGET_NAME)";
				TEST_HOST = "$(BUILT_PRODUCTS_DIR)/CoreDataDemo-16-04-06.app/CoreDataDemo-16-04-06";
			};
			name = Release;
		};
/* End XCBuildConfiguration section */

/* Begin XCConfigurationList section */
		67B85F591CB53E660024B174 /* Build configuration list for PBXProject "CoreDataDemo-16-04-06" */ = {
			isa = XCConfigurationList;
			buildConfigurations = (
				67B85F811CB53E670024B174 /* Debug */,
				67B85F821CB53E670024B174 /* Release */,
			);
			defaultConfigurationIsVisible = 0;
			defaultConfigurationName = Release;
		};
		67B85F831CB53E670024B174 /* Build configuration list for PBXNativeTarget "CoreDataDemo-16-04-06" */ = {
			isa = XCConfigurationList;
			buildConfigurations = (
				67B85F841CB53E670024B174 /* Debug */,
				67B85F851CB53E670024B174 /* Release */,
			);
			defaultConfigurationIsVisible = 0;
		};
		67B85F861CB53E670024B174 /* Build configuration list for PBXNativeTarget "CoreDataDemo-16-04-06Tests" */ = {
			isa = XCConfigurationList;
			buildConfigurations = (
				67B85F871CB53E670024B174 /* Debug */,
				67B85F881CB53E670024B174 /* Release */,
			);
			defaultConfigurationIsVisible = 0;
		};
/* End XCConfigurationList section */

/* Begin XCVersionGroup section */
		67B85F6D1CB53E660024B174 /* CoreDataDemo_16_04_06.xcdatamodeld */ = {
			isa = XCVersionGroup;
			children = (
				67B85F6E1CB53E660024B174 /* CoreDataDemo_16_04_06.xcdatamodel */,
			);
			currentVersion = 67B85F6E1CB53E660024B174 /* CoreDataDemo_16_04_06.xcdatamodel */;
			path = CoreDataDemo_16_04_06.xcdatamodeld;
			sourceTree = "<group>";
			versionGroupType = wrapper.xcdatamodel;
		};
		67B85F891CB540710024B174 /* Model.xcdatamodeld */ = {
			isa = XCVersionGroup;
			children = (
				67B85F8A1CB540710024B174 /* Model.xcdatamodel */,
			);
			currentVersion = 67B85F8A1CB540710024B174 /* Model.xcdatamodel */;
			path = Model.xcdatamodeld;
			sourceTree = "<group>";
			versionGroupType = wrapper.xcdatamodel;
		};
/* End XCVersionGroup section */
	};
	rootObject = 67B85F561CB53E660024B174 /* Project object */;
}
